
Microsoft Visual Studio Solution File, Format Version 12.00
# Visual Studio 15
VisualStudioVersion = 15.0.27703.2035
MinimumVisualStudioVersion = 10.0.40219.1
Project("{FAE04EC0-301F-11D3-BF4B-00C04F79EFBC}") = "RansomNote", "RansomNote\RansomNote.csproj", "{064923E7-E314-4700-9D4D-06DCDF7BEE44}"
EndProject
Project("{FAE04EC0-301F-11D3-BF4B-00C04F79EFBC}") = "RansomNote.DebugConsole", "RansomNote.DebugConsole\RansomNote.DebugConsole.csproj", "{10BC767B-66F4-4D4E-A7D0-4E99B96D358B}"
EndProject
Project("{2150E333-8FDC-42A3-9474-1A3956D46DE8}") = "External Projects", "External Projects", "{EEED2A0F-5677-4F00-A1C1-4D8ACD3DE0DE}"
EndProject
Project("{FAE04EC0-301F-11D3-BF4B-00C04F79EFBC}") = "RansomNote.GUI", "RansomNote.GUI\RansomNote.GUI.csproj", "{3EFBD939-D8D0-400F-AE86-C7C4D3AE5EC0}"
EndProject
Project("{2150E333-8FDC-42A3-9474-1A3956D46DE8}") = "gong-shell", "gong-shell", "{73E5AA84-15DF-4397-8CDC-B70DA621DDE2}"
	ProjectSection(SolutionItems) = preProject
		External Projects\gong-shell\GongShell.dll = External Projects\gong-shell\GongShell.dll
		External Projects\gong-shell\GongShell.XML = External Projects\gong-shell\GongShell.XML
		External Projects\gong-shell\Licence.lesser.txt = External Projects\gong-shell\Licence.lesser.txt
		External Projects\gong-shell\Licence.txt = External Projects\gong-shell\Licence.txt
	EndProjectSection
EndProject
Global
	GlobalSection(SolutionConfigurationPlatforms) = preSolution
		Debug|Any CPU = Debug|Any CPU
		Debug|x64 = Debug|x64
		Debug20|Any CPU = Debug20|Any CPU
		Debug20|x64 = Debug20|x64
		Debug35|Any CPU = Debug35|Any CPU
		Debug35|x64 = Debug35|x64
		Debug40|Any CPU = Debug40|Any CPU
		Debug40|x64 = Debug40|x64
		Debug40Client|Any CPU = Debug40Client|Any CPU
		Debug40Client|x64 = Debug40Client|x64
		Debug45|Any CPU = Debug45|Any CPU
		Debug45|x64 = Debug45|x64
		Debug451|Any CPU = Debug451|Any CPU
		Debug451|x64 = Debug451|x64
		Release|Any CPU = Release|Any CPU
		Release|x64 = Release|x64
		Release20|Any CPU = Release20|Any CPU
		Release20|x64 = Release20|x64
		Release35|Any CPU = Release35|Any CPU
		Release35|x64 = Release35|x64
		Release40|Any CPU = Release40|Any CPU
		Release40|x64 = Release40|x64
		Release40Client|Any CPU = Release40Client|Any CPU
		Release40Client|x64 = Release40Client|x64
		Release45|Any CPU = Release45|Any CPU
		Release45|x64 = Release45|x64
		Release451|Any CPU = Release451|Any CPU
		Release451|x64 = Release451|x64
	EndGlobalSection
	GlobalSection(ProjectConfigurationPlatforms) = postSolution
		{064923E7-E314-4700-9D4D-06DCDF7BEE44}.Debug|Any CPU.ActiveCfg = Debug|Any CPU
		{064923E7-E314-4700-9D4D-06DCDF7BEE44}.Debug|Any CPU.Build.0 = Debug|Any CPU
		{064923E7-E314-4700-9D4D-06DCDF7BEE44}.Debug|x64.ActiveCfg = Debug|x64
		{064923E7-E314-4700-9D4D-06DCDF7BEE44}.Debug|x64.Build.0 = Debug|x64
		{064923E7-E314-4700-9D4D-06DCDF7BEE44}.Debug20|Any CPU.ActiveCfg = Debug|Any CPU
		{064923E7-E314-4700-9D4D-06DCDF7BEE44}.Debug20|Any CPU.Build.0 = Debug|Any CPU
		{064923E7-E314-4700-9D4D-06DCDF7BEE44}.Debug20|x64.ActiveCfg = Debug|x64
		{064923E7-E314-4700-9D4D-06DCDF7BEE44}.Debug20|x64.Build.0 = Debug|x64
		{064923E7-E314-4700-9D4D-06DCDF7BEE44}.Debug35|Any CPU.ActiveCfg = Debug|Any CPU
		{064923E7-E314-4700-9D4D-06DCDF7BEE44}.Debug35|Any CPU.Build.0 = Debug|Any CPU
		{064923E7-E314-4700-9D4D-06DCDF7BEE44}.Debug35|x64.ActiveCfg = Debug|x64
		{064923E7-E314-4700-9D4D-06DCDF7BEE44}.Debug35|x64.Build.0 = Debug|x64
		{064923E7-E314-4700-9D4D-06DCDF7BEE44}.Debug40|Any CPU.ActiveCfg = Debug|Any CPU
		{064923E7-E314-4700-9D4D-06DCDF7BEE44}.Debug40|Any CPU.Build.0 = Debug|Any CPU
		{064923E7-E314-4700-9D4D-06DCDF7BEE44}.Debug40|x64.ActiveCfg = Debug|x64
		{064923E7-E314-4700-9D4D-06DCDF7BEE44}.Debug40|x64.Build.0 = Debug|x64
		{064923E7-E314-4700-9D4D-06DCDF7BEE44}.Debug40Client|Any CPU.ActiveCfg = Debug|Any CPU
		{064923E7-E314-4700-9D4D-06DCDF7BEE44}.Debug40Client|Any CPU.Build.0 = Debug|Any CPU
		{064923E7-E314-4700-9D4D-06DCDF7BEE44}.Debug40Client|x64.ActiveCfg = Debug|x64
		{064923E7-E314-4700-9D4D-06DCDF7BEE44}.Debug40Client|x64.Build.0 = Debug|x64
		{064923E7-E314-4700-9D4D-06DCDF7BEE44}.Debug45|Any CPU.ActiveCfg = Debug|Any CPU
		{064923E7-E314-4700-9D4D-06DCDF7BEE44}.Debug45|Any CPU.Build.0 = Debug|Any CPU
		{064923E7-E314-4700-9D4D-06DCDF7BEE44}.Debug45|x64.ActiveCfg = Debug|x64
		{064923E7-E314-4700-9D4D-06DCDF7BEE44}.Debug45|x64.Build.0 = Debug|x64
		{064923E7-E314-4700-9D4D-06DCDF7BEE44}.Debug451|Any CPU.ActiveCfg = Debug|Any CPU
		{064923E7-E314-4700-9D4D-06DCDF7BEE44}.Debug451|Any CPU.Build.0 = Debug|Any CPU
		{064923E7-E314-4700-9D4D-06DCDF7BEE44}.Debug451|x64.ActiveCfg = Debug|x64
		{064923E7-E314-4700-9D4D-06DCDF7BEE44}.Debug451|x64.Build.0 = Debug|x64
		{064923E7-E314-4700-9D4D-06DCDF7BEE44}.Release|Any CPU.ActiveCfg = Release|Any CPU
		{064923E7-E314-4700-9D4D-06DCDF7BEE44}.Release|Any CPU.Build.0 = Release|Any CPU
		{064923E7-E314-4700-9D4D-06DCDF7BEE44}.Release|x64.ActiveCfg = Release|x64
		{064923E7-E314-4700-9D4D-06DCDF7BEE44}.Release|x64.Build.0 = Release|x64
		{064923E7-E314-4700-9D4D-06DCDF7BEE44}.Release20|Any CPU.ActiveCfg = Release|Any CPU
		{064923E7-E314-4700-9D4D-06DCDF7BEE44}.Release20|Any CPU.Build.0 = Release|Any CPU
		{064923E7-E314-4700-9D4D-06DCDF7BEE44}.Release20|x64.ActiveCfg = Release|x64
		{064923E7-E314-4700-9D4D-06DCDF7BEE44}.Release20|x64.Build.0 = Release|x64
		{064923E7-E314-4700-9D4D-06DCDF7BEE44}.Release35|Any CPU.ActiveCfg = Release|Any CPU
		{064923E7-E314-4700-9D4D-06DCDF7BEE44}.Release35|Any CPU.Build.0 = Release|Any CPU
		{064923E7-E314-4700-9D4D-06DCDF7BEE44}.Release35|x64.ActiveCfg = Release|x64
		{064923E7-E314-4700-9D4D-06DCDF7BEE44}.Release35|x64.Build.0 = Release|x64
		{064923E7-E314-4700-9D4D-06DCDF7BEE44}.Release40|Any CPU.ActiveCfg = Release|Any CPU
		{064923E7-E314-4700-9D4D-06DCDF7BEE44}.Release40|Any CPU.Build.0 = Release|Any CPU
		{064923E7-E314-4700-9D4D-06DCDF7BEE44}.Release40|x64.ActiveCfg = Release|x64
		{064923E7-E314-4700-9D4D-06DCDF7BEE44}.Release40|x64.Build.0 = Release|x64
		{064923E7-E314-4700-9D4D-06DCDF7BEE44}.Release40Client|Any CPU.ActiveCfg = Release|Any CPU
		{064923E7-E314-4700-9D4D-06DCDF7BEE44}.Release40Client|Any CPU.Build.0 = Release|Any CPU
		{064923E7-E314-4700-9D4D-06DCDF7BEE44}.Release40Client|x64.ActiveCfg = Release|x64
		{064923E7-E314-4700-9D4D-06DCDF7BEE44}.Release40Client|x64.Build.0 = Release|x64
		{064923E7-E314-4700-9D4D-06DCDF7BEE44}.Release45|Any CPU.ActiveCfg = Release|Any CPU
		{064923E7-E314-4700-9D4D-06DCDF7BEE44}.Release45|Any CPU.Build.0 = Release|Any CPU
		{064923E7-E314-4700-9D4D-06DCDF7BEE44}.Release45|x64.ActiveCfg = Release|x64
		{064923E7-E314-4700-9D4D-06DCDF7BEE44}.Release45|x64.Build.0 = Release|x64
		{064923E7-E314-4700-9D4D-06DCDF7BEE44}.Release451|Any CPU.ActiveCfg = Release|Any CPU
		{064923E7-E314-4700-9D4D-06DCDF7BEE44}.Release451|Any CPU.Build.0 = Release|Any CPU
		{064923E7-E314-4700-9D4D-06DCDF7BEE44}.Release451|x64.ActiveCfg = Release|x64
		{064923E7-E314-4700-9D4D-06DCDF7BEE44}.Release451|x64.Build.0 = Release|x64
		{10BC767B-66F4-4D4E-A7D0-4E99B96D358B}.Debug|Any CPU.ActiveCfg = Debug|Any CPU
		{10BC767B-66F4-4D4E-A7D0-4E99B96D358B}.Debug|Any CPU.Build.0 = Debug|Any CPU
		{10BC767B-66F4-4D4E-A7D0-4E99B96D358B}.Debug|x64.ActiveCfg = Debug|x64
		{10BC767B-66F4-4D4E-A7D0-4E99B96D358B}.Debug|x64.Build.0 = Debug|x64
		{10BC767B-66F4-4D4E-A7D0-4E99B96D358B}.Debug20|Any CPU.ActiveCfg = Debug|Any CPU
		{10BC767B-66F4-4D4E-A7D0-4E99B96D358B}.Debug20|Any CPU.Build.0 = Debug|Any CPU
		{10BC767B-66F4-4D4E-A7D0-4E99B96D358B}.Debug20|x64.ActiveCfg = Debug|x64
		{10BC767B-66F4-4D4E-A7D0-4E99B96D358B}.Debug20|x64.Build.0 = Debug|x64
		{10BC767B-66F4-4D4E-A7D0-4E99B96D358B}.Debug35|Any CPU.ActiveCfg = Debug|Any CPU
		{10BC767B-66F4-4D4E-A7D0-4E99B96D358B}.Debug35|Any CPU.Build.0 = Debug|Any CPU
		{10BC767B-66F4-4D4E-A7D0-4E99B96D358B}.Debug35|x64.ActiveCfg = Debug|x64
		{10BC767B-66F4-4D4E-A7D0-4E99B96D358B}.Debug35|x64.Build.0 = Debug|x64
		{10BC767B-66F4-4D4E-A7D0-4E99B96D358B}.Debug40|Any CPU.ActiveCfg = Debug|Any CPU
		{10BC767B-66F4-4D4E-A7D0-4E99B96D358B}.Debug40|Any CPU.Build.0 = Debug|Any CPU
		{10BC767B-66F4-4D4E-A7D0-4E99B96D358B}.Debug40|x64.ActiveCfg = Debug|x64
		{10BC767B-66F4-4D4E-A7D0-4E99B96D358B}.Debug40|x64.Build.0 = Debug|x64
		{10BC767B-66F4-4D4E-A7D0-4E99B96D358B}.Debug40Client|Any CPU.ActiveCfg = Debug|Any CPU
		{10BC767B-66F4-4D4E-A7D0-4E99B96D358B}.Debug40Client|Any CPU.Build.0 = Debug|Any CPU
		{10BC767B-66F4-4D4E-A7D0-4E99B96D358B}.Debug40Client|x64.ActiveCfg = Debug|x64
		{10BC767B-66F4-4D4E-A7D0-4E99B96D358B}.Debug40Client|x64.Build.0 = Debug|x64
		{10BC767B-66F4-4D4E-A7D0-4E99B96D358B}.Debug45|Any CPU.ActiveCfg = Debug|Any CPU
		{10BC767B-66F4-4D4E-A7D0-4E99B96D358B}.Debug45|Any CPU.Build.0 = Debug|Any CPU
		{10BC767B-66F4-4D4E-A7D0-4E99B96D358B}.Debug45|x64.ActiveCfg = Debug|x64
		{10BC767B-66F4-4D4E-A7D0-4E99B96D358B}.Debug45|x64.Build.0 = Debug|x64
		{10BC767B-66F4-4D4E-A7D0-4E99B96D358B}.Debug451|Any CPU.ActiveCfg = Debug|Any CPU
		{10BC767B-66F4-4D4E-A7D0-4E99B96D358B}.Debug451|Any CPU.Build.0 = Debug|Any CPU
		{10BC767B-66F4-4D4E-A7D0-4E99B96D358B}.Debug451|x64.ActiveCfg = Debug|x64
		{10BC767B-66F4-4D4E-A7D0-4E99B96D358B}.Debug451|x64.Build.0 = Debug|x64
		{10BC767B-66F4-4D4E-A7D0-4E99B96D358B}.Release|Any CPU.ActiveCfg = Release|Any CPU
		{10BC767B-66F4-4D4E-A7D0-4E99B96D358B}.Release|Any CPU.Build.0 = Release|Any CPU
		{10BC767B-66F4-4D4E-A7D0-4E99B96D358B}.Release|x64.ActiveCfg = Release|x64
		{10BC767B-66F4-4D4E-A7D0-4E99B96D358B}.Release|x64.Build.0 = Release|x64
		{10BC767B-66F4-4D4E-A7D0-4E99B96D358B}.Release20|Any CPU.ActiveCfg = Release|Any CPU
		{10BC767B-66F4-4D4E-A7D0-4E99B96D358B}.Release20|Any CPU.Build.0 = Release|Any CPU
		{10BC767B-66F4-4D4E-A7D0-4E99B96D358B}.Release20|x64.ActiveCfg = Release|x64
		{10BC767B-66F4-4D4E-A7D0-4E99B96D358B}.Release20|x64.Build.0 = Release|x64
		{10BC767B-66F4-4D4E-A7D0-4E99B96D358B}.Release35|Any CPU.ActiveCfg = Release|Any CPU
		{10BC767B-66F4-4D4E-A7D0-4E99B96D358B}.Release35|Any CPU.Build.0 = Release|Any CPU
		{10BC767B-66F4-4D4E-A7D0-4E99B96D358B}.Release35|x64.ActiveCfg = Release|x64
		{10BC767B-66F4-4D4E-A7D0-4E99B96D358B}.Release35|x64.Build.0 = Release|x64
		{10BC767B-66F4-4D4E-A7D0-4E99B96D358B}.Release40|Any CPU.ActiveCfg = Release|Any CPU
		{10BC767B-66F4-4D4E-A7D0-4E99B96D358B}.Release40|Any CPU.Build.0 = Release|Any CPU
		{10BC767B-66F4-4D4E-A7D0-4E99B96D358B}.Release40|x64.ActiveCfg = Release|x64
		{10BC767B-66F4-4D4E-A7D0-4E99B96D358B}.Release40|x64.Build.0 = Release|x64
		{10BC767B-66F4-4D4E-A7D0-4E99B96D358B}.Release40Client|Any CPU.ActiveCfg = Release|Any CPU
		{10BC767B-66F4-4D4E-A7D0-4E99B96D358B}.Release40Client|Any CPU.Build.0 = Release|Any CPU
		{10BC767B-66F4-4D4E-A7D0-4E99B96D358B}.Release40Client|x64.ActiveCfg = Release|x64
		{10BC767B-66F4-4D4E-A7D0-4E99B96D358B}.Release40Client|x64.Build.0 = Release|x64
		{10BC767B-66F4-4D4E-A7D0-4E99B96D358B}.Release45|Any CPU.ActiveCfg = Release|Any CPU
		{10BC767B-66F4-4D4E-A7D0-4E99B96D358B}.Release45|Any CPU.Build.0 = Release|Any CPU
		{10BC767B-66F4-4D4E-A7D0-4E99B96D358B}.Release45|x64.ActiveCfg = Release|x64
		{10BC767B-66F4-4D4E-A7D0-4E99B96D358B}.Release45|x64.Build.0 = Release|x64
		{10BC767B-66F4-4D4E-A7D0-4E99B96D358B}.Release451|Any CPU.ActiveCfg = Release|Any CPU
		{10BC767B-66F4-4D4E-A7D0-4E99B96D358B}.Release451|Any CPU.Build.0 = Release|Any CPU
		{10BC767B-66F4-4D4E-A7D0-4E99B96D358B}.Release451|x64.ActiveCfg = Release|x64
		{10BC767B-66F4-4D4E-A7D0-4E99B96D358B}.Release451|x64.Build.0 = Release|x64
		{3EFBD939-D8D0-400F-AE86-C7C4D3AE5EC0}.Debug|Any CPU.ActiveCfg = Debug|Any CPU
		{3EFBD939-D8D0-400F-AE86-C7C4D3AE5EC0}.Debug|Any CPU.Build.0 = Debug|Any CPU
		{3EFBD939-D8D0-400F-AE86-C7C4D3AE5EC0}.Debug|x64.ActiveCfg = Debug|Any CPU
		{3EFBD939-D8D0-400F-AE86-C7C4D3AE5EC0}.Debug|x64.Build.0 = Debug|Any CPU
		{3EFBD939-D8D0-400F-AE86-C7C4D3AE5EC0}.Debug20|Any CPU.ActiveCfg = Debug|Any CPU
		{3EFBD939-D8D0-400F-AE86-C7C4D3AE5EC0}.Debug20|Any CPU.Build.0 = Debug|Any CPU
		{3EFBD939-D8D0-400F-AE86-C7C4D3AE5EC0}.Debug20|x64.ActiveCfg = Debug|Any CPU
		{3EFBD939-D8D0-400F-AE86-C7C4D3AE5EC0}.Debug20|x64.Build.0 = Debug|Any CPU
		{3EFBD939-D8D0-400F-AE86-C7C4D3AE5EC0}.Debug35|Any CPU.ActiveCfg = Debug|Any CPU
		{3EFBD939-D8D0-400F-AE86-C7C4D3AE5EC0}.Debug35|Any CPU.Build.0 = Debug|Any CPU
		{3EFBD939-D8D0-400F-AE86-C7C4D3AE5EC0}.Debug35|x64.ActiveCfg = Debug|Any CPU
		{3EFBD939-D8D0-400F-AE86-C7C4D3AE5EC0}.Debug35|x64.Build.0 = Debug|Any CPU
		{3EFBD939-D8D0-400F-AE86-C7C4D3AE5EC0}.Debug40|Any CPU.ActiveCfg = Debug|Any CPU
		{3EFBD939-D8D0-400F-AE86-C7C4D3AE5EC0}.Debug40|Any CPU.Build.0 = Debug|Any CPU
		{3EFBD939-D8D0-400F-AE86-C7C4D3AE5EC0}.Debug40|x64.ActiveCfg = Debug|Any CPU
		{3EFBD939-D8D0-400F-AE86-C7C4D3AE5EC0}.Debug40|x64.Build.0 = Debug|Any CPU
		{3EFBD939-D8D0-400F-AE86-C7C4D3AE5EC0}.Debug40Client|Any CPU.ActiveCfg = Debug|Any CPU
		{3EFBD939-D8D0-400F-AE86-C7C4D3AE5EC0}.Debug40Client|Any CPU.Build.0 = Debug|Any CPU
		{3EFBD939-D8D0-400F-AE86-C7C4D3AE5EC0}.Debug40Client|x64.ActiveCfg = Debug|Any CPU
		{3EFBD939-D8D0-400F-AE86-C7C4D3AE5EC0}.Debug40Client|x64.Build.0 = Debug|Any CPU
		{3EFBD939-D8D0-400F-AE86-C7C4D3AE5EC0}.Debug45|Any CPU.ActiveCfg = Debug|Any CPU
		{3EFBD939-D8D0-400F-AE86-C7C4D3AE5EC0}.Debug45|Any CPU.Build.0 = Debug|Any CPU
		{3EFBD939-D8D0-400F-AE86-C7C4D3AE5EC0}.Debug45|x64.ActiveCfg = Debug|Any CPU
		{3EFBD939-D8D0-400F-AE86-C7C4D3AE5EC0}.Debug45|x64.Build.0 = Debug|Any CPU
		{3EFBD939-D8D0-400F-AE86-C7C4D3AE5EC0}.Debug451|Any CPU.ActiveCfg = Debug|Any CPU
		{3EFBD939-D8D0-400F-AE86-C7C4D3AE5EC0}.Debug451|Any CPU.Build.0 = Debug|Any CPU
		{3EFBD939-D8D0-400F-AE86-C7C4D3AE5EC0}.Debug451|x64.ActiveCfg = Debug|Any CPU
		{3EFBD939-D8D0-400F-AE86-C7C4D3AE5EC0}.Debug451|x64.Build.0 = Debug|Any CPU
		{3EFBD939-D8D0-400F-AE86-C7C4D3AE5EC0}.Release|Any CPU.ActiveCfg = Release|Any CPU
		{3EFBD939-D8D0-400F-AE86-C7C4D3AE5EC0}.Release|Any CPU.Build.0 = Release|Any CPU
		{3EFBD939-D8D0-400F-AE86-C7C4D3AE5EC0}.Release|x64.ActiveCfg = Release|Any CPU
		{3EFBD939-D8D0-400F-AE86-C7C4D3AE5EC0}.Release|x64.Build.0 = Release|Any CPU
		{3EFBD939-D8D0-400F-AE86-C7C4D3AE5EC0}.Release20|Any CPU.ActiveCfg = Release|Any CPU
		{3EFBD939-D8D0-400F-AE86-C7C4D3AE5EC0}.Release20|Any CPU.Build.0 = Release|Any CPU
		{3EFBD939-D8D0-400F-AE86-C7C4D3AE5EC0}.Release20|x64.ActiveCfg = Release|Any CPU
		{3EFBD939-D8D0-400F-AE86-C7C4D3AE5EC0}.Release20|x64.Build.0 = Release|Any CPU
		{3EFBD939-D8D0-400F-AE86-C7C4D3AE5EC0}.Release35|Any CPU.ActiveCfg = Release|Any CPU
		{3EFBD939-D8D0-400F-AE86-C7C4D3AE5EC0}.Release35|Any CPU.Build.0 = Release|Any CPU
		{3EFBD939-D8D0-400F-AE86-C7C4D3AE5EC0}.Release35|x64.ActiveCfg = Release|Any CPU
		{3EFBD939-D8D0-400F-AE86-C7C4D3AE5EC0}.Release35|x64.Build.0 = Release|Any CPU
		{3EFBD939-D8D0-400F-AE86-C7C4D3AE5EC0}.Release40|Any CPU.ActiveCfg = Release|Any CPU
		{3EFBD939-D8D0-400F-AE86-C7C4D3AE5EC0}.Release40|Any CPU.Build.0 = Release|Any CPU
		{3EFBD939-D8D0-400F-AE86-C7C4D3AE5EC0}.Release40|x64.ActiveCfg = Release|Any CPU
		{3EFBD939-D8D0-400F-AE86-C7C4D3AE5EC0}.Release40|x64.Build.0 = Release|Any CPU
		{3EFBD939-D8D0-400F-AE86-C7C4D3AE5EC0}.Release40Client|Any CPU.ActiveCfg = Release|Any CPU
		{3EFBD939-D8D0-400F-AE86-C7C4D3AE5EC0}.Release40Client|Any CPU.Build.0 = Release|Any CPU
		{3EFBD939-D8D0-400F-AE86-C7C4D3AE5EC0}.Release40Client|x64.ActiveCfg = Release|Any CPU
		{3EFBD939-D8D0-400F-AE86-C7C4D3AE5EC0}.Release40Client|x64.Build.0 = Release|Any CPU
		{3EFBD939-D8D0-400F-AE86-C7C4D3AE5EC0}.Release45|Any CPU.ActiveCfg = Release|Any CPU
		{3EFBD939-D8D0-400F-AE86-C7C4D3AE5EC0}.Release45|Any CPU.Build.0 = Release|Any CPU
		{3EFBD939-D8D0-400F-AE86-C7C4D3AE5EC0}.Release45|x64.ActiveCfg = Release|Any CPU
		{3EFBD939-D8D0-400F-AE86-C7C4D3AE5EC0}.Release45|x64.Build.0 = Release|Any CPU
		{3EFBD939-D8D0-400F-AE86-C7C4D3AE5EC0}.Release451|Any CPU.ActiveCfg = Release|Any CPU
		{3EFBD939-D8D0-400F-AE86-C7C4D3AE5EC0}.Release451|Any CPU.Build.0 = Release|Any CPU
		{3EFBD939-D8D0-400F-AE86-C7C4D3AE5EC0}.Release451|x64.ActiveCfg = Release|Any CPU
		{3EFBD939-D8D0-400F-AE86-C7C4D3AE5EC0}.Release451|x64.Build.0 = Release|Any CPU
	EndGlobalSection
	GlobalSection(SolutionProperties) = preSolution
		HideSolutionNode = FALSE
	EndGlobalSection
	GlobalSection(NestedProjects) = preSolution
		{73E5AA84-15DF-4397-8CDC-B70DA621DDE2} = {EEED2A0F-5677-4F00-A1C1-4D8ACD3DE0DE}
	EndGlobalSection
	GlobalSection(ExtensibilityGlobals) = postSolution
		SolutionGuid = {55E6C15E-7B4D-47CD-9D67-4196453272EF}
	EndGlobalSection
EndGlobal
